
Microsoft Visual Studio Solution File, Format Version 12.00
# Visual Studio Version 17
VisualStudioVersion = 17.7.34031.279
MinimumVisualStudioVersion = 10.0.40219.1
Project("{FAE04EC0-301F-11D3-BF4B-00C04F79EFBC}") = "Zula", "Zula\Zula.csproj", "{CFCC4C27-856E-4D25-B842-E7373F6B2F0E}"
EndProject
Global
	GlobalSection(SolutionConfigurationPlatforms) = preSolution
		Debug|Any CPU = Debug|Any CPU
		Release|Any CPU = Release|Any CPU
	EndGlobalSection
	GlobalSection(ProjectConfigurationPlatforms) = postSolution
		{CFCC4C27-856E-4D25-B842-E7373F6B2F0E}.Debug|Any CPU.ActiveCfg = Debug|Any CPU
		{CFCC4C27-856E-4D25-B842-E7373F6B2F0E}.Debug|Any CPU.Build.0 = Debug|Any CPU
		{CFCC4C27-856E-4D25-B842-E7373F6B2F0E}.Release|Any CPU.ActiveCfg = Release|Any CPU
		{CFCC4C27-856E-4D25-B842-E7373F6B2F0E}.Release|Any CPU.Build.0 = Release|Any CPU
	EndGlobalSection
	GlobalSection(SolutionProperties) = preSolution
		HideSolutionNode = FALSE
	EndGlobalSection
	GlobalSection(ExtensibilityGlobals) = postSolution
		SolutionGuid = {8FB536C7-98F6-4A4B-883B-F64EB07A92EA}
	EndGlobalSection
EndGlobal
